// !$*UTF8*$!
{
	archiveVersion = 1;
	classes = {
	};
	objectVersion = 50;
	objects = {

/* Begin PBXBuildFile section */
		96183BF72456227100BAE4AE /* LICENSE in Resources */ = {isa = PBXBuildFile; fileRef = 96183BF52456227100BAE4AE /* LICENSE */; };
		96183BF82456227100BAE4AE /* README.md in Resources */ = {isa = PBXBuildFile; fileRef = 96183BF62456227100BAE4AE /* README.md */; };
		96183BFD245627AC00BAE4AE /* FlatViewController.swift in Sources */ = {isa = PBXBuildFile; fileRef = 96183BFC245627AC00BAE4AE /* FlatViewController.swift */; };
		96183BFF24562AD400BAE4AE /* BorderedViewController.swift in Sources */ = {isa = PBXBuildFile; fileRef = 96183BFE24562AD400BAE4AE /* BorderedViewController.swift */; };
		96183C0124562ADF00BAE4AE /* FlatBorderedViewController.swift in Sources */ = {isa = PBXBuildFile; fileRef = 96183C0024562ADF00BAE4AE /* FlatBorderedViewController.swift */; };
		96530C6424418A9500638804 /* AppDelegate.swift in Sources */ = {isa = PBXBuildFile; fileRef = 96530C6324418A9500638804 /* AppDelegate.swift */; };
		96530C6624418A9500638804 /* SceneDelegate.swift in Sources */ = {isa = PBXBuildFile; fileRef = 96530C6524418A9500638804 /* SceneDelegate.swift */; };
		96530C6B24418A9500638804 /* Main.storyboard in Resources */ = {isa = PBXBuildFile; fileRef = 96530C6924418A9500638804 /* Main.storyboard */; };
		96530C6D24418A9700638804 /* Assets.xcassets in Resources */ = {isa = PBXBuildFile; fileRef = 96530C6C24418A9700638804 /* Assets.xcassets */; };
		96530C7024418A9700638804 /* LaunchScreen.storyboard in Resources */ = {isa = PBXBuildFile; fileRef = 96530C6E24418A9700638804 /* LaunchScreen.storyboard */; };
		96530C7F24418C9A00638804 /* UIButton+Flat.swift in Sources */ = {isa = PBXBuildFile; fileRef = 96530C7E24418C9A00638804 /* UIButton+Flat.swift */; };
/* End PBXBuildFile section */

/* Begin PBXFileReference section */
		96183BF52456227100BAE4AE /* LICENSE */ = {isa = PBXFileReference; fileEncoding = 4; lastKnownFileType = text; path = LICENSE; sourceTree = "<group>"; };
		96183BF62456227100BAE4AE /* README.md */ = {isa = PBXFileReference; fileEncoding = 4; lastKnownFileType = net.daringfireball.markdown; path = README.md; sourceTree = "<group>"; };
		96183BFC245627AC00BAE4AE /* FlatViewController.swift */ = {isa = PBXFileReference; lastKnownFileType = sourcecode.swift; path = FlatViewController.swift; sourceTree = "<group>"; };
		96183BFE24562AD400BAE4AE /* BorderedViewController.swift */ = {isa = PBXFileReference; lastKnownFileType = sourcecode.swift; path = BorderedViewController.swift; sourceTree = "<group>"; };
		96183C0024562ADF00BAE4AE /* FlatBorderedViewController.swift */ = {isa = PBXFileReference; lastKnownFileType = sourcecode.swift; path = FlatBorderedViewController.swift; sourceTree = "<group>"; };
		96530C6024418A9500638804 /* UIButton+Flat.app */ = {isa = PBXFileReference; explicitFileType = wrapper.application; includeInIndex = 0; path = "UIButton+Flat.app"; sourceTree = BUILT_PRODUCTS_DIR; };
		96530C6324418A9500638804 /* AppDelegate.swift */ = {isa = PBXFileReference; lastKnownFileType = sourcecode.swift; path = AppDelegate.swift; sourceTree = "<group>"; };
		96530C6524418A9500638804 /* SceneDelegate.swift */ = {isa = PBXFileReference; lastKnownFileType = sourcecode.swift; path = SceneDelegate.swift; sourceTree = "<group>"; };
		96530C6A24418A9500638804 /* Base */ = {isa = PBXFileReference; lastKnownFileType = file.storyboard; name = Base; path = Base.lproj/Main.storyboard; sourceTree = "<group>"; };
		96530C6C24418A9700638804 /* Assets.xcassets */ = {isa = PBXFileReference; lastKnownFileType = folder.assetcatalog; path = Assets.xcassets; sourceTree = "<group>"; };
		96530C6F24418A9700638804 /* Base */ = {isa = PBXFileReference; lastKnownFileType = file.storyboard; name = Base; path = Base.lproj/LaunchScreen.storyboard; sourceTree = "<group>"; };
		96530C7124418A9700638804 /* Info.plist */ = {isa = PBXFileReference; lastKnownFileType = text.plist.xml; path = Info.plist; sourceTree = "<group>"; };
		96530C7E24418C9A00638804 /* UIButton+Flat.swift */ = {isa = PBXFileReference; lastKnownFileType = sourcecode.swift; path = "UIButton+Flat.swift"; sourceTree = "<group>"; };
/* End PBXFileReference section */

/* Begin PBXFrameworksBuildPhase section */
		96530C5D24418A9500638804 /* Frameworks */ = {
			isa = PBXFrameworksBuildPhase;
			buildActionMask = 2147483647;
			files = (
			);
			runOnlyForDeploymentPostprocessing = 0;
		};
/* End PBXFrameworksBuildPhase section */

/* Begin PBXGroup section */
		96183BFB2456278B00BAE4AE /* View Controllers */ = {
			isa = PBXGroup;
			children = (
				96183BFE24562AD400BAE4AE /* BorderedViewController.swift */,
				96183BFC245627AC00BAE4AE /* FlatViewController.swift */,
				96183C0024562ADF00BAE4AE /* FlatBorderedViewController.swift */,
			);
			path = "View Controllers";
			sourceTree = "<group>";
		};
		96530C5724418A9500638804 = {
			isa = PBXGroup;
			children = (
				96183BF52456227100BAE4AE /* LICENSE */,
				96183BF62456227100BAE4AE /* README.md */,
				96530C6224418A9500638804 /* UIButton+Flat */,
				96530C6124418A9500638804 /* Products */,
			);
			sourceTree = "<group>";
		};
		96530C6124418A9500638804 /* Products */ = {
			isa = PBXGroup;
			children = (
				96530C6024418A9500638804 /* UIButton+Flat.app */,
			);
			name = Products;
			sourceTree = "<group>";
		};
		96530C6224418A9500638804 /* UIButton+Flat */ = {
			isa = PBXGroup;
			children = (
				96530C6324418A9500638804 /* AppDelegate.swift */,
				96530C6C24418A9700638804 /* Assets.xcassets */,
				96530C7124418A9700638804 /* Info.plist */,
				96530C6524418A9500638804 /* SceneDelegate.swift */,
				96530C7B24418BF500638804 /* Extensions */,
				96530C7C24418C0300638804 /* Storyboards */,
				96183BFB2456278B00BAE4AE /* View Controllers */,
			);
			path = "UIButton+Flat";
			sourceTree = "<group>";
		};
		96530C7B24418BF500638804 /* Extensions */ = {
			isa = PBXGroup;
			children = (
				96530C7E24418C9A00638804 /* UIButton+Flat.swift */,
			);
			path = Extensions;
			sourceTree = "<group>";
		};
		96530C7C24418C0300638804 /* Storyboards */ = {
			isa = PBXGroup;
			children = (
				96530C6E24418A9700638804 /* LaunchScreen.storyboard */,
				96530C6924418A9500638804 /* Main.storyboard */,
			);
			path = Storyboards;
			sourceTree = "<group>";
		};
/* End PBXGroup section */

/* Begin PBXNativeTarget section */
		96530C5F24418A9500638804 /* UIButton+Flat */ = {
			isa = PBXNativeTarget;
			buildConfigurationList = 96530C7424418A9700638804 /* Build configuration list for PBXNativeTarget "UIButton+Flat" */;
			buildPhases = (
				96530C5C24418A9500638804 /* Sources */,
				96530C5D24418A9500638804 /* Frameworks */,
				96530C5E24418A9500638804 /* Resources */,
			);
			buildRules = (
			);
			dependencies = (
			);
			name = "UIButton+Flat";
			productName = "UIButton+Flat";
			productReference = 96530C6024418A9500638804 /* UIButton+Flat.app */;
			productType = "com.apple.product-type.application";
		};
/* End PBXNativeTarget section */

/* Begin PBXProject section */
		96530C5824418A9500638804 /* Project object */ = {
			isa = PBXProject;
			attributes = {
				LastSwiftUpdateCheck = 1140;
				LastUpgradeCheck = 1140;
				ORGANIZATIONNAME = "Jason Cox";
				TargetAttributes = {
					96530C5F24418A9500638804 = {
						CreatedOnToolsVersion = 11.4;
					};
				};
			};
			buildConfigurationList = 96530C5B24418A9500638804 /* Build configuration list for PBXProject "UIButton+Flat" */;
			compatibilityVersion = "Xcode 9.3";
			developmentRegion = en;
			hasScannedForEncodings = 0;
			knownRegions = (
				en,
				Base,
			);
			mainGroup = 96530C5724418A9500638804;
			productRefGroup = 96530C6124418A9500638804 /* Products */;
			projectDirPath = "";
			projectRoot = "";
			targets = (
				96530C5F24418A9500638804 /* UIButton+Flat */,
			);
		};
/* End PBXProject section */

/* Begin PBXResourcesBuildPhase section */
		96530C5E24418A9500638804 /* Resources */ = {
			isa = PBXResourcesBuildPhase;
			buildActionMask = 2147483647;
			files = (
				96530C7024418A9700638804 /* LaunchScreen.storyboard in Resources */,
				96530C6D24418A9700638804 /* Assets.xcassets in Resources */,
				96183BF82456227100BAE4AE /* README.md in Resources */,
				96183BF72456227100BAE4AE /* LICENSE in Resources */,
				96530C6B24418A9500638804 /* Main.storyboard in Resources */,
			);
			runOnlyForDeploymentPostprocessing = 0;
		};
/* End PBXResourcesBuildPhase section */

/* Begin PBXSourcesBuildPhase section */
		96530C5C24418A9500638804 /* Sources */ = {
			isa = PBXSourcesBuildPhase;
			buildActionMask = 2147483647;
			files = (
				96183C0124562ADF00BAE4AE /* FlatBorderedViewController.swift in Sources */,
				96530C7F24418C9A00638804 /* UIButton+Flat.swift in Sources */,
				96530C6424418A9500638804 /* AppDelegate.swift in Sources */,
				96183BFD245627AC00BAE4AE /* FlatViewController.swift in Sources */,
				96183BFF24562AD400BAE4AE /* BorderedViewController.swift in Sources */,
				96530C6624418A9500638804 /* SceneDelegate.swift in Sources */,
			);
			runOnlyForDeploymentPostprocessing = 0;
		};
/* End PBXSourcesBuildPhase section */

/* Begin PBXVariantGroup section */
		96530C6924418A9500638804 /* Main.storyboard */ = {
			isa = PBXVariantGroup;
			children = (
				96530C6A24418A9500638804 /* Base */,
			);
			name = Main.storyboard;
			sourceTree = "<group>";
		};
		96530C6E24418A9700638804 /* LaunchScreen.storyboard */ = {
			isa = PBXVariantGroup;
			children = (
				96530C6F24418A9700638804 /* Base */,
			);
			name = LaunchScreen.storyboard;
			sourceTree = "<group>";
		};
/* End PBXVariantGroup section */

/* Begin XCBuildConfiguration section */
		96530C7224418A9700638804 /* Debug */ = {
			isa = XCBuildConfiguration;
			buildSettings = {
				ALWAYS_SEARCH_USER_PATHS = NO;
				CLANG_ANALYZER_NONNULL = YES;
				CLANG_ANALYZER_NUMBER_OBJECT_CONVERSION = YES_AGGRESSIVE;
				CLANG_CXX_LANGUAGE_STANDARD = "gnu++14";
				CLANG_CXX_LIBRARY = "libc++";
				CLANG_ENABLE_MODULES = YES;
				CLANG_ENABLE_OBJC_ARC = YES;
				CLANG_ENABLE_OBJC_WEAK = YES;
				CLANG_WARN_BLOCK_CAPTURE_AUTORELEASING = YES;
				CLANG_WARN_BOOL_CONVERSION = YES;
				CLANG_WARN_COMMA = YES;
				CLANG_WARN_CONSTANT_CONVERSION = YES;
				CLANG_WARN_DEPRECATED_OBJC_IMPLEMENTATIONS = YES;
				CLANG_WARN_DIRECT_OBJC_ISA_USAGE = YES_ERROR;
				CLANG_WARN_DOCUMENTATION_COMMENTS = YES;
				CLANG_WARN_EMPTY_BODY = YES;
				CLANG_WARN_ENUM_CONVERSION = YES;
				CLANG_WARN_INFINITE_RECURSION = YES;
				CLANG_WARN_INT_CONVERSION = YES;
				CLANG_WARN_NON_LITERAL_NULL_CONVERSION = YES;
				CLANG_WARN_OBJC_IMPLICIT_RETAIN_SELF = YES;
				CLANG_WARN_OBJC_LITERAL_CONVERSION = YES;
				CLANG_WARN_OBJC_ROOT_CLASS = YES_ERROR;
				CLANG_WARN_RANGE_LOOP_ANALYSIS = YES;
				CLANG_WARN_STRICT_PROTOTYPES = YES;
				CLANG_WARN_SUSPICIOUS_MOVE = YES;
				CLANG_WARN_UNGUARDED_AVAILABILITY = YES_AGGRESSIVE;
				CLANG_WARN_UNREACHABLE_CODE = YES;
				CLANG_WARN__DUPLICATE_METHOD_MATCH = YES;
				COPY_PHASE_STRIP = NO;
				DEBUG_INFORMATION_FORMAT = dwarf;
				ENABLE_STRICT_OBJC_MSGSEND = YES;
				ENABLE_TESTABILITY = YES;
				GCC_C_LANGUAGE_STANDARD = gnu11;
				GCC_DYNAMIC_NO_PIC = NO;
				GCC_NO_COMMON_BLOCKS = YES;
				GCC_OPTIMIZATION_LEVEL = 0;
				GCC_PREPROCESSOR_DEFINITIONS = (
					"DEBUG=1",
					"$(inherited)",
				);
				GCC_WARN_64_TO_32_BIT_CONVERSION = YES;
				GCC_WARN_ABOUT_RETURN_TYPE = YES_ERROR;
				GCC_WARN_UNDECLARED_SELECTOR = YES;
				GCC_WARN_UNINITIALIZED_AUTOS = YES_AGGRESSIVE;
				GCC_WARN_UNUSED_FUNCTION = YES;
				GCC_WARN_UNUSED_VARIABLE = YES;
				IPHONEOS_DEPLOYMENT_TARGET = 13.4;
				MTL_ENABLE_DEBUG_INFO = INCLUDE_SOURCE;
				MTL_FAST_MATH = YES;
				ONLY_ACTIVE_ARCH = YES;
				SDKROOT = iphoneos;
				SWIFT_ACTIVE_COMPILATION_CONDITIONS = DEBUG;
				SWIFT_OPTIMIZATION_LEVEL = "-Onone";
			};
			name = Debug;
		};
		96530C7324418A9700638804 /* Release */ = {
			isa = XCBuildConfiguration;
			buildSettings = {
				ALWAYS_SEARCH_USER_PATHS = NO;
				CLANG_ANALYZER_NONNULL = YES;
				CLANG_ANALYZER_NUMBER_OBJECT_CONVERSION = YES_AGGRESSIVE;
				CLANG_CXX_LANGUAGE_STANDARD = "gnu++14";
				CLANG_CXX_LIBRARY = "libc++";
				CLANG_ENABLE_MODULES = YES;
				CLANG_ENABLE_OBJC_ARC = YES;
				CLANG_ENABLE_OBJC_WEAK = YES;
				CLANG_WARN_BLOCK_CAPTURE_AUTORELEASING = YES;
				CLANG_WARN_BOOL_CONVERSION = YES;
				CLANG_WARN_COMMA = YES;
				CLANG_WARN_CONSTANT_CONVERSION = YES;
				CLANG_WARN_DEPRECATED_OBJC_IMPLEMENTATIONS = YES;
				CLANG_WARN_DIRECT_OBJC_ISA_USAGE = YES_ERROR;
				CLANG_WARN_DOCUMENTATION_COMMENTS = YES;
				CLANG_WARN_EMPTY_BODY = YES;
				CLANG_WARN_ENUM_CONVERSION = YES;
				CLANG_WARN_INFINITE_RECURSION = YES;
				CLANG_WARN_INT_CONVERSION = YES;
				CLANG_WARN_NON_LITERAL_NULL_CONVERSION = YES;
				CLANG_WARN_OBJC_IMPLICIT_RETAIN_SELF = YES;
				CLANG_WARN_OBJC_LITERAL_CONVERSION = YES;
				CLANG_WARN_OBJC_ROOT_CLASS = YES_ERROR;
				CLANG_WARN_RANGE_LOOP_ANALYSIS = YES;
				CLANG_WARN_STRICT_PROTOTYPES = YES;
				CLANG_WARN_SUSPICIOUS_MOVE = YES;
				CLANG_WARN_UNGUARDED_AVAILABILITY = YES_AGGRESSIVE;
				CLANG_WARN_UNREACHABLE_CODE = YES;
				CLANG_WARN__DUPLICATE_METHOD_MATCH = YES;
				COPY_PHASE_STRIP = NO;
				DEBUG_INFORMATION_FORMAT = "dwarf-with-dsym";
				ENABLE_NS_ASSERTIONS = NO;
				ENABLE_STRICT_OBJC_MSGSEND = YES;
				GCC_C_LANGUAGE_STANDARD = gnu11;
				GCC_NO_COMMON_BLOCKS = YES;
				GCC_WARN_64_TO_32_BIT_CONVERSION = YES;
				GCC_WARN_ABOUT_RETURN_TYPE = YES_ERROR;
				GCC_WARN_UNDECLARED_SELECTOR = YES;
				GCC_WARN_UNINITIALIZED_AUTOS = YES_AGGRESSIVE;
				GCC_WARN_UNUSED_FUNCTION = YES;
				GCC_WARN_UNUSED_VARIABLE = YES;
				IPHONEOS_DEPLOYMENT_TARGET = 13.4;
				MTL_ENABLE_DEBUG_INFO = NO;
				MTL_FAST_MATH = YES;
				SDKROOT = iphoneos;
				SWIFT_COMPILATION_MODE = wholemodule;
				SWIFT_OPTIMIZATION_LEVEL = "-O";
				VALIDATE_PRODUCT = YES;
			};
			name = Release;
		};
		96530C7524418A9700638804 /* Debug */ = {
			isa = XCBuildConfiguration;
			buildSettings = {
				ASSETCATALOG_COMPILER_APPICON_NAME = AppIcon;
				CODE_SIGN_STYLE = Automatic;
				DEVELOPMENT_TEAM = D8N9U5LU68;
				INFOPLIST_FILE = "UIButton+Flat/Info.plist";
				LD_RUNPATH_SEARCH_PATHS = (
					"$(inherited)",
					"@executable_path/Frameworks",
				);
				PRODUCT_BUNDLE_IDENTIFIER = "dev.xoc.UIButton-Flat";
				PRODUCT_NAME = "$(TARGET_NAME)";
				SWIFT_VERSION = 5.0;
				TARGETED_DEVICE_FAMILY = "1,2";
			};
			name = Debug;
		};
		96530C7624418A9700638804 /* Release */ = {
			isa = XCBuildConfiguration;
			buildSettings = {
				ASSETCATALOG_COMPILER_APPICON_NAME = AppIcon;
				CODE_SIGN_STYLE = Automatic;
				DEVELOPMENT_TEAM = D8N9U5LU68;
				INFOPLIST_FILE = "UIButton+Flat/Info.plist";
				LD_RUNPATH_SEARCH_PATHS = (
					"$(inherited)",
					"@executable_path/Frameworks",
				);
				PRODUCT_BUNDLE_IDENTIFIER = "dev.xoc.UIButton-Flat";
				PRODUCT_NAME = "$(TARGET_NAME)";
				SWIFT_VERSION = 5.0;
				TARGETED_DEVICE_FAMILY = "1,2";
			};
			name = Release;
		};
/* End XCBuildConfiguration section */

/* Begin XCConfigurationList section */
		96530C5B24418A9500638804 /* Build configuration list for PBXProject "UIButton+Flat" */ = {
			isa = XCConfigurationList;
			buildConfigurations = (
				96530C7224418A9700638804 /* Debug */,
				96530C7324418A9700638804 /* Release */,
			);
			defaultConfigurationIsVisible = 0;
			defaultConfigurationName = Release;
		};
		96530C7424418A9700638804 /* Build configuration list for PBXNativeTarget "UIButton+Flat" */ = {
			isa = XCConfigurationList;
			buildConfigurations = (
				96530C7524418A9700638804 /* Debug */,
				96530C7624418A9700638804 /* Release */,
			);
			defaultConfigurationIsVisible = 0;
			defaultConfigurationName = Release;
		};
/* End XCConfigurationList section */
	};
	rootObject = 96530C5824418A9500638804 /* Project object */;
}
